
Microsoft Visual Studio Solution File, Format Version 12.00
# Visual Studio Version 17
VisualStudioVersion = 17.14.37203.1 d17.14
MinimumVisualStudioVersion = 10.0.40219.1
Project("{FAE04EC0-301F-11D3-BF4B-00C04F79EFBC}") = "Ejemplo", "Ejemplo\Ejemplo.csproj", "{DF6EA325-F08B-4E51-897F-EA5B2ADC6BDF}"
EndProject
Global
	GlobalSection(SolutionConfigurationPlatforms) = preSolution
		Debug|Any CPU = Debug|Any CPU
		Release|Any CPU = Release|Any CPU
	EndGlobalSection
	GlobalSection(ProjectConfigurationPlatforms) = postSolution
		{DF6EA325-F08B-4E51-897F-EA5B2ADC6BDF}.Debug|Any CPU.ActiveCfg = Debug|Any CPU
		{DF6EA325-F08B-4E51-897F-EA5B2ADC6BDF}.Debug|Any CPU.Build.0 = Debug|Any CPU
		{DF6EA325-F08B-4E51-897F-EA5B2ADC6BDF}.Release|Any CPU.ActiveCfg = Release|Any CPU
		{DF6EA325-F08B-4E51-897F-EA5B2ADC6BDF}.Release|Any CPU.Build.0 = Release|Any CPU
	EndGlobalSection
	GlobalSection(SolutionProperties) = preSolution
		HideSolutionNode = FALSE
	EndGlobalSection
	GlobalSection(ExtensibilityGlobals) = postSolution
		SolutionGuid = {A08B67A8-953E-435C-B191-6B6E31BF5CB6}
	EndGlobalSection
EndGlobal
